
Microsoft Visual Studio Solution File, Format Version 12.00
# Visual Studio 15
VisualStudioVersion = 15.0.27130.2020
MinimumVisualStudioVersion = 10.0.40219.1
Project("{FAE04EC0-301F-11D3-BF4B-00C04F79EFBC}") = "MyPerfectOnboarding.Api", "MyPerfectOnboarding.Api\MyPerfectOnboarding.Api.csproj", "{FFCAB0CE-9526-44C1-8671-1616F9DB2F4E}"
EndProject
Project("{FAE04EC0-301F-11D3-BF4B-00C04F79EFBC}") = "MyPerfectOnboarding.Api.Tests", "MyPerfectOnboarding.Api.Tests\MyPerfectOnboarding.Api.Tests.csproj", "{A1844DC4-9EB3-4757-9CB6-110887FFAC16}"
EndProject
Global
	GlobalSection(SolutionConfigurationPlatforms) = preSolution
		Debug|Any CPU = Debug|Any CPU
		Release|Any CPU = Release|Any CPU
	EndGlobalSection
	GlobalSection(ProjectConfigurationPlatforms) = postSolution
		{FFCAB0CE-9526-44C1-8671-1616F9DB2F4E}.Debug|Any CPU.ActiveCfg = Debug|Any CPU
		{FFCAB0CE-9526-44C1-8671-1616F9DB2F4E}.Debug|Any CPU.Build.0 = Debug|Any CPU
		{FFCAB0CE-9526-44C1-8671-1616F9DB2F4E}.Release|Any CPU.ActiveCfg = Release|Any CPU
		{FFCAB0CE-9526-44C1-8671-1616F9DB2F4E}.Release|Any CPU.Build.0 = Release|Any CPU
		{A1844DC4-9EB3-4757-9CB6-110887FFAC16}.Debug|Any CPU.ActiveCfg = Debug|Any CPU
		{A1844DC4-9EB3-4757-9CB6-110887FFAC16}.Debug|Any CPU.Build.0 = Debug|Any CPU
		{A1844DC4-9EB3-4757-9CB6-110887FFAC16}.Release|Any CPU.ActiveCfg = Release|Any CPU
		{A1844DC4-9EB3-4757-9CB6-110887FFAC16}.Release|Any CPU.Build.0 = Release|Any CPU
	EndGlobalSection
	GlobalSection(SolutionProperties) = preSolution
		HideSolutionNode = FALSE
	EndGlobalSection
	GlobalSection(ExtensibilityGlobals) = postSolution
		SolutionGuid = {80229740-0404-4FEB-82EB-1C7D145CD231}
	EndGlobalSection
EndGlobal
