
Microsoft Visual Studio Solution File, Format Version 12.00
# Visual Studio 15
VisualStudioVersion = 15.0.27130.2020
MinimumVisualStudioVersion = 10.0.40219.1
Project("{FAE04EC0-301F-11D3-BF4B-00C04F79EFBC}") = "MyPerfectOnboarding.Contracts", "MyPerfectOnboarding.Contracts\MyPerfectOnboarding.Contracts.csproj", "{F9D88A7D-64F2-42F4-8E6D-EBF7222EFBFA}"
EndProject
Project("{FAE04EC0-301F-11D3-BF4B-00C04F79EFBC}") = "MyPerfectOnboarding.Database", "MyPerfectOnboarding.Database\MyPerfectOnboarding.Database.csproj", "{B8BE968D-19EC-49BB-8E3B-0D5A6AB231B6}"
EndProject
Project("{FAE04EC0-301F-11D3-BF4B-00C04F79EFBC}") = "MyPerfectOnboarding.Api", "MyPerfectOnboarding.Api\MyPerfectOnboarding.Api.csproj", "{DADC924C-B6B2-48A5-812E-BF94C1B129C1}"
EndProject
Project("{FAE04EC0-301F-11D3-BF4B-00C04F79EFBC}") = "MyPerfectOnboarding.Api.Tests", "MyPerfectOnboarding.Api.Tests\MyPerfectOnboarding.Api.Tests.csproj", "{D4B5E6EA-C912-4B88-8FA1-E3412076230C}"
EndProject
Global
	GlobalSection(SolutionConfigurationPlatforms) = preSolution
		Debug|Any CPU = Debug|Any CPU
		Release|Any CPU = Release|Any CPU
	EndGlobalSection
	GlobalSection(ProjectConfigurationPlatforms) = postSolution
		{F9D88A7D-64F2-42F4-8E6D-EBF7222EFBFA}.Debug|Any CPU.ActiveCfg = Debug|Any CPU
		{F9D88A7D-64F2-42F4-8E6D-EBF7222EFBFA}.Debug|Any CPU.Build.0 = Debug|Any CPU
		{F9D88A7D-64F2-42F4-8E6D-EBF7222EFBFA}.Release|Any CPU.ActiveCfg = Release|Any CPU
		{F9D88A7D-64F2-42F4-8E6D-EBF7222EFBFA}.Release|Any CPU.Build.0 = Release|Any CPU
		{B8BE968D-19EC-49BB-8E3B-0D5A6AB231B6}.Debug|Any CPU.ActiveCfg = Debug|Any CPU
		{B8BE968D-19EC-49BB-8E3B-0D5A6AB231B6}.Debug|Any CPU.Build.0 = Debug|Any CPU
		{B8BE968D-19EC-49BB-8E3B-0D5A6AB231B6}.Release|Any CPU.ActiveCfg = Release|Any CPU
		{B8BE968D-19EC-49BB-8E3B-0D5A6AB231B6}.Release|Any CPU.Build.0 = Release|Any CPU
		{DADC924C-B6B2-48A5-812E-BF94C1B129C1}.Debug|Any CPU.ActiveCfg = Debug|Any CPU
		{DADC924C-B6B2-48A5-812E-BF94C1B129C1}.Debug|Any CPU.Build.0 = Debug|Any CPU
		{DADC924C-B6B2-48A5-812E-BF94C1B129C1}.Release|Any CPU.ActiveCfg = Release|Any CPU
		{DADC924C-B6B2-48A5-812E-BF94C1B129C1}.Release|Any CPU.Build.0 = Release|Any CPU
		{D4B5E6EA-C912-4B88-8FA1-E3412076230C}.Debug|Any CPU.ActiveCfg = Debug|Any CPU
		{D4B5E6EA-C912-4B88-8FA1-E3412076230C}.Debug|Any CPU.Build.0 = Debug|Any CPU
		{D4B5E6EA-C912-4B88-8FA1-E3412076230C}.Release|Any CPU.ActiveCfg = Release|Any CPU
		{D4B5E6EA-C912-4B88-8FA1-E3412076230C}.Release|Any CPU.Build.0 = Release|Any CPU
	EndGlobalSection
	GlobalSection(SolutionProperties) = preSolution
		HideSolutionNode = FALSE
	EndGlobalSection
	GlobalSection(ExtensibilityGlobals) = postSolution
		SolutionGuid = {80229740-0404-4FEB-82EB-1C7D145CD231}
	EndGlobalSection
EndGlobal
